
Microsoft Visual Studio Solution File, Format Version 12.00
# Visual Studio Version 17
VisualStudioVersion = 17.6.33829.357
MinimumVisualStudioVersion = 10.0.40219.1
Project("{FAE04EC0-301F-11D3-BF4B-00C04F79EFBC}") = "SchoolProject.API", "SchoolProjectCleanArchitecture\SchoolProject.API.csproj", "{130D4AA9-DBED-4E05-A148-0AA5DA394C72}"
EndProject
Project("{FAE04EC0-301F-11D3-BF4B-00C04F79EFBC}") = "SchoolProject.Core", "SchoolProject.Core\SchoolProject.Core.csproj", "{B7585167-A5A8-423B-B7EB-993ACB00E335}"
EndProject
Project("{FAE04EC0-301F-11D3-BF4B-00C04F79EFBC}") = "SchoolProject.Data", "SchoolProject.Data\SchoolProject.Data.csproj", "{59292067-7113-4247-BA45-1F0587C2F2B5}"
EndProject
Project("{FAE04EC0-301F-11D3-BF4B-00C04F79EFBC}") = "SchoolProject.Service", "SchoolProject.Service\SchoolProject.Service.csproj", "{D746567F-B3A8-4258-B83C-06AF65818971}"
EndProject
Project("{FAE04EC0-301F-11D3-BF4B-00C04F79EFBC}") = "SchoolProject.Infrastructure", "SchoolProject.Infrastructure\SchoolProject.Infrastructure.csproj", "{5E956C55-13E0-4888-9B33-B350FDE21ECB}"
EndProject
Global
	GlobalSection(SolutionConfigurationPlatforms) = preSolution
		Debug|Any CPU = Debug|Any CPU
		Release|Any CPU = Release|Any CPU
	EndGlobalSection
	GlobalSection(ProjectConfigurationPlatforms) = postSolution
		{130D4AA9-DBED-4E05-A148-0AA5DA394C72}.Debug|Any CPU.ActiveCfg = Debug|Any CPU
		{130D4AA9-DBED-4E05-A148-0AA5DA394C72}.Debug|Any CPU.Build.0 = Debug|Any CPU
		{130D4AA9-DBED-4E05-A148-0AA5DA394C72}.Release|Any CPU.ActiveCfg = Release|Any CPU
		{130D4AA9-DBED-4E05-A148-0AA5DA394C72}.Release|Any CPU.Build.0 = Release|Any CPU
		{B7585167-A5A8-423B-B7EB-993ACB00E335}.Debug|Any CPU.ActiveCfg = Debug|Any CPU
		{B7585167-A5A8-423B-B7EB-993ACB00E335}.Debug|Any CPU.Build.0 = Debug|Any CPU
		{B7585167-A5A8-423B-B7EB-993ACB00E335}.Release|Any CPU.ActiveCfg = Release|Any CPU
		{B7585167-A5A8-423B-B7EB-993ACB00E335}.Release|Any CPU.Build.0 = Release|Any CPU
		{59292067-7113-4247-BA45-1F0587C2F2B5}.Debug|Any CPU.ActiveCfg = Debug|Any CPU
		{59292067-7113-4247-BA45-1F0587C2F2B5}.Debug|Any CPU.Build.0 = Debug|Any CPU
		{59292067-7113-4247-BA45-1F0587C2F2B5}.Release|Any CPU.ActiveCfg = Release|Any CPU
		{59292067-7113-4247-BA45-1F0587C2F2B5}.Release|Any CPU.Build.0 = Release|Any CPU
		{D746567F-B3A8-4258-B83C-06AF65818971}.Debug|Any CPU.ActiveCfg = Debug|Any CPU
		{D746567F-B3A8-4258-B83C-06AF65818971}.Debug|Any CPU.Build.0 = Debug|Any CPU
		{D746567F-B3A8-4258-B83C-06AF65818971}.Release|Any CPU.ActiveCfg = Release|Any CPU
		{D746567F-B3A8-4258-B83C-06AF65818971}.Release|Any CPU.Build.0 = Release|Any CPU
		{5E956C55-13E0-4888-9B33-B350FDE21ECB}.Debug|Any CPU.ActiveCfg = Debug|Any CPU
		{5E956C55-13E0-4888-9B33-B350FDE21ECB}.Debug|Any CPU.Build.0 = Debug|Any CPU
		{5E956C55-13E0-4888-9B33-B350FDE21ECB}.Release|Any CPU.ActiveCfg = Release|Any CPU
		{5E956C55-13E0-4888-9B33-B350FDE21ECB}.Release|Any CPU.Build.0 = Release|Any CPU
	EndGlobalSection
	GlobalSection(SolutionProperties) = preSolution
		HideSolutionNode = FALSE
	EndGlobalSection
	GlobalSection(ExtensibilityGlobals) = postSolution
		SolutionGuid = {3FCFB348-58C2-418D-ACE0-56E4E5246F66}
	EndGlobalSection
EndGlobal
